<?xml version="1.0" encoding="utf-8"?>
<Project ToolsVersion="4.0" xmlns:atg="http://atg.xbox.com" xmlns="http://schemas.microsoft.com/developer/msbuild/2003">
  <ItemGroup>
    <Filter Include="Resource Files">
      <UniqueIdentifier>{8e114980-c1a3-4ada-ad7c-83caadf5daeb}</UniqueIdentifier>
      <Extensions>rc;ico;cur;bmp;dlg;rc2;rct;bin;rgs;gif;jpg;jpeg;jpe</Extensions>
    </Filter>
    <Filter Include="DXUT">
      <UniqueIdentifier>{a43c5c25-0e86-4a20-b64a-883785ff74fd}</UniqueIdentifier>
    </Filter>
    <Filter Include="Shaders">
      <UniqueIdentifier>{2c3d4c8c-5d1a-459a-a05a-a4e4b608a44e}</UniqueIdentifier>
      <Extensions>fx;fxh;hlsl</Extensions>
    </Filter>
    <Filter Include="Manager">
      <UniqueIdentifier>{57074132-67f6-4e17-946f-8bd8b8677cde}</UniqueIdentifier>
    </Filter>
    <Filter Include="Manager\IMAGE">
      <UniqueIdentifier>{8f2bb9a5-4f2d-417f-831b-27cc623608fd}</UniqueIdentifier>
    </Filter>
    <Filter Include="Manager\OBJECT">
      <UniqueIdentifier>{3fb447b4-4142-4bff-8d2e-c9b3e4f03f26}</UniqueIdentifier>
    </Filter>
    <Filter Include="Manager\CAMERA">
      <UniqueIdentifier>{7399da51-c5b2-4620-80f4-7d1f6af8e4af}</UniqueIdentifier>
    </Filter>
    <Filter Include="Manager\INPUT">
      <UniqueIdentifier>{e2348eee-a36b-4b4f-96ca-827e43494cdb}</UniqueIdentifier>
    </Filter>
    <Filter Include="Manager\SCENE">
      <UniqueIdentifier>{e99f475b-609c-466a-8d43-05d946303328}</UniqueIdentifier>
    </Filter>
    <Filter Include="Manager\SOUND">
      <UniqueIdentifier>{0df7173f-2897-4267-8a36-a45aa757344d}</UniqueIdentifier>
    </Filter>
    <Filter Include="Manager\TIMER">
      <UniqueIdentifier>{3432ae43-e47f-4cd1-9606-7e1878ff4826}</UniqueIdentifier>
    </Filter>
    <Filter Include="Manager\MATH">
      <UniqueIdentifier>{64ba8f70-85dd-4ec1-a901-49aaefe206c6}</UniqueIdentifier>
    </Filter>
    <Filter Include="Manager\OBJECT\COLLIDER">
      <UniqueIdentifier>{d6010bd0-63e8-4082-8d08-dd820657127a}</UniqueIdentifier>
    </Filter>
    <Filter Include="MainGame">
      <UniqueIdentifier>{60afedd7-1bae-40f2-8de7-10b9abd8dc10}</UniqueIdentifier>
    </Filter>
    <Filter Include="Manager\MAP">
      <UniqueIdentifier>{1055f67c-2575-45bb-8b4e-c787e7f7e1b5}</UniqueIdentifier>
    </Filter>
    <Filter Include="Manager\WORLD">
      <UniqueIdentifier>{9bf5f7ed-0712-4243-85f7-f57865d979a3}</UniqueIdentifier>
    </Filter>
    <Filter Include="Game">
      <UniqueIdentifier>{8129843d-677c-4d5d-b0ba-ece1b7da2f9b}</UniqueIdentifier>
    </Filter>
    <Filter Include="Game\GameObj">
      <UniqueIdentifier>{88a674e0-f1d9-44b6-a605-5e75690591df}</UniqueIdentifier>
    </Filter>
    <Filter Include="Game\GameObj\Mouse">
      <UniqueIdentifier>{0216b24a-74fc-4694-966e-992d6cee90a1}</UniqueIdentifier>
    </Filter>
    <Filter Include="Game\GameScene">
      <UniqueIdentifier>{f2e74500-8d28-47d7-acff-c2b35e2d6250}</UniqueIdentifier>
    </Filter>
    <Filter Include="Game\GameObj\Player">
      <UniqueIdentifier>{cfa720ff-83a9-4533-a4ff-5056553a5aaa}</UniqueIdentifier>
    </Filter>
    <Filter Include="Game\GameObj\Bullet">
      <UniqueIdentifier>{a68fb6b6-e464-41b0-ae38-9e347d8f9f9e}</UniqueIdentifier>
    </Filter>
    <Filter Include="Game\GameObj\Bullet\Player_Bullet">
      <UniqueIdentifier>{32fb9449-6b35-4558-b924-b840900c21b3}</UniqueIdentifier>
    </Filter>
    <Filter Include="Game\GameObj\S_Enemy">
      <UniqueIdentifier>{e9f56e13-e066-4d72-8714-4331ce2fe3d1}</UniqueIdentifier>
    </Filter>
    <Filter Include="Game\GameObj\Bullet\Enemy_Bullet">
      <UniqueIdentifier>{f6ff6d82-7764-472a-aa23-46ba9c9e1f48}</UniqueIdentifier>
    </Filter>
    <Filter Include="Game\GameObj\Boss">
      <UniqueIdentifier>{b30cf6e8-a62a-45c3-84ab-c9b3eece773d}</UniqueIdentifier>
    </Filter>
    <Filter Include="Loading">
      <UniqueIdentifier>{14c72287-c704-4961-8558-0532ed4606a0}</UniqueIdentifier>
    </Filter>
    <Filter Include="Game\GameObj\M_Enemy">
      <UniqueIdentifier>{9dec451c-fedb-4f83-b16c-f7f0e4d25fbe}</UniqueIdentifier>
    </Filter>
    <Filter Include="Game\GameScene\Title">
      <UniqueIdentifier>{7febc222-3a95-48b0-bd14-ad2f31cb99b6}</UniqueIdentifier>
    </Filter>
    <Filter Include="Game\GameScene\Stage">
      <UniqueIdentifier>{bab08bb4-727b-454e-8796-5c85963fe922}</UniqueIdentifier>
    </Filter>
    <Filter Include="Game\GameScene\GameOver">
      <UniqueIdentifier>{86c0be10-320b-4bf1-86fb-f9068f9878b3}</UniqueIdentifier>
    </Filter>
  </ItemGroup>
  <ItemGroup>
    <None Include="DXUT\Optional\directx.ico">
      <Filter>Resource Files</Filter>
    </None>
    <ClInclude Include="DXUT\Core\DXUT.h">
      <Filter>DXUT</Filter>
    </ClInclude>
    <ClInclude Include="DXUT\Core\DXUTenum.h">
      <Filter>DXUT</Filter>
    </ClInclude>
    <ClInclude Include="DXUT\Core\DXUTmisc.h">
      <Filter>DXUT</Filter>
    </ClInclude>
    <ClCompile Include="DXUT\Core\DXUT.cpp">
      <Filter>DXUT</Filter>
    </ClCompile>
    <ClCompile Include="DXUT\Core\DXUTenum.cpp">
      <Filter>DXUT</Filter>
    </ClCompile>
    <ClCompile Include="DXUT\Core\DXUTmisc.cpp">
      <Filter>DXUT</Filter>
    </ClCompile>
    <ClInclude Include="DXUT\Optional\DXUTcamera.h">
      <Filter>DXUT</Filter>
    </ClInclude>
    <ClInclude Include="DXUT\Optional\DXUTgui.h">
      <Filter>DXUT</Filter>
    </ClInclude>
    <ClInclude Include="DXUT\Optional\DXUTres.h">
      <Filter>DXUT</Filter>
    </ClInclude>
    <ClInclude Include="DXUT\Optional\DXUTsettingsdlg.h">
      <Filter>DXUT</Filter>
    </ClInclude>
    <ClInclude Include="DXUT\Optional\SDKmesh.h">
      <Filter>DXUT</Filter>
    </ClInclude>
    <ClInclude Include="DXUT\Optional\SDKmisc.h">
      <Filter>DXUT</Filter>
    </ClInclude>
    <ClCompile Include="DXUT\Optional\DXUTcamera.cpp">
      <Filter>DXUT</Filter>
    </ClCompile>
    <ClCompile Include="DXUT\Optional\DXUTgui.cpp">
      <Filter>DXUT</Filter>
    </ClCompile>
    <ClCompile Include="DXUT\Optional\DXUTres.cpp">
      <Filter>DXUT</Filter>
    </ClCompile>
    <ClCompile Include="DXUT\Optional\DXUTsettingsdlg.cpp">
      <Filter>DXUT</Filter>
    </ClCompile>
    <ClCompile Include="DXUT\Optional\SDKmesh.cpp">
      <Filter>DXUT</Filter>
    </ClCompile>
    <ClCompile Include="DXUT\Optional\SDKmisc.cpp">
      <Filter>DXUT</Filter>
    </ClCompile>
  </ItemGroup>
  <ItemGroup>
    <ClCompile Include="FrameWork.cpp" />
    <ClCompile Include="ImageManager.cpp">
      <Filter>Manager\IMAGE</Filter>
    </ClCompile>
    <ClCompile Include="CameraManager.cpp">
      <Filter>Manager\CAMERA</Filter>
    </ClCompile>
    <ClCompile Include="InputManager.cpp">
      <Filter>Manager\INPUT</Filter>
    </ClCompile>
    <ClCompile Include="Collider.cpp">
      <Filter>Manager\OBJECT\COLLIDER</Filter>
    </ClCompile>
    <ClCompile Include="Object.cpp">
      <Filter>Manager\OBJECT</Filter>
    </ClCompile>
    <ClCompile Include="ObjectManager.cpp">
      <Filter>Manager\OBJECT</Filter>
    </ClCompile>
    <ClCompile Include="Scene.cpp">
      <Filter>Manager\SCENE</Filter>
    </ClCompile>
    <ClCompile Include="SceneManager.cpp">
      <Filter>Manager\SCENE</Filter>
    </ClCompile>
    <ClCompile Include="DXUT\Optional\SDKsound.cpp">
      <Filter>DXUT</Filter>
    </ClCompile>
    <ClCompile Include="DXUT\Optional\SDKwavefile.cpp">
      <Filter>DXUT</Filter>
    </ClCompile>
    <ClCompile Include="SoundManager.cpp">
      <Filter>Manager\SOUND</Filter>
    </ClCompile>
    <ClCompile Include="Timer.cpp">
      <Filter>Manager\TIMER</Filter>
    </ClCompile>
    <ClCompile Include="Math.cpp">
      <Filter>Manager\MATH</Filter>
    </ClCompile>
    <ClCompile Include="MainGame.cpp">
      <Filter>MainGame</Filter>
    </ClCompile>
    <ClCompile Include="LoadScene.cpp">
      <Filter>Loading</Filter>
    </ClCompile>
    <ClCompile Include="Mouse.cpp">
      <Filter>Game\GameObj\Mouse</Filter>
    </ClCompile>
    <ClCompile Include="ScrollMap.cpp">
      <Filter>Manager\MAP</Filter>
    </ClCompile>
    <ClCompile Include="World.cpp">
      <Filter>Manager\WORLD</Filter>
    </ClCompile>
    <ClCompile Include="Player.cpp">
      <Filter>Game\GameObj\Player</Filter>
    </ClCompile>
    <ClCompile Include="Player_Bullet.cpp">
      <Filter>Game\GameObj\Bullet\Player_Bullet</Filter>
    </ClCompile>
    <ClCompile Include="S_Enemy.cpp">
      <Filter>Game\GameObj\S_Enemy</Filter>
    </ClCompile>
    <ClCompile Include="S_Enemy_Bullet.cpp">
      <Filter>Game\GameObj\Bullet\Enemy_Bullet</Filter>
    </ClCompile>
    <ClCompile Include="Boss.cpp">
      <Filter>Game\GameObj\Boss</Filter>
    </ClCompile>
    <ClCompile Include="Player_Homing.cpp">
      <Filter>Game\GameObj\Bullet\Player_Bullet</Filter>
    </ClCompile>
    <ClCompile Include="BossBullet.cpp">
      <Filter>Game\GameObj\Bullet\Enemy_Bullet</Filter>
    </ClCompile>
    <ClCompile Include="M_Enemy.cpp">
      <Filter>Game\GameObj\M_Enemy</Filter>
    </ClCompile>
    <ClCompile Include="Stage.cpp">
      <Filter>Game\GameScene\Stage</Filter>
    </ClCompile>
    <ClCompile Include="Title.cpp">
      <Filter>Game\GameScene\Title</Filter>
    </ClCompile>
    <ClCompile Include="GameOver.cpp">
      <Filter>Game\GameScene\GameOver</Filter>
    </ClCompile>
  </ItemGroup>
  <ItemGroup>
    <ClInclude Include="stdafx.h" />
    <ClInclude Include="singleton.h">
      <Filter>Manager</Filter>
    </ClInclude>
    <ClInclude Include="ImageManager.h">
      <Filter>Manager\IMAGE</Filter>
    </ClInclude>
    <ClInclude Include="CameraManager.h">
      <Filter>Manager\CAMERA</Filter>
    </ClInclude>
    <ClInclude Include="InputManager.h">
      <Filter>Manager\INPUT</Filter>
    </ClInclude>
    <ClInclude Include="Collider.h">
      <Filter>Manager\OBJECT\COLLIDER</Filter>
    </ClInclude>
    <ClInclude Include="ObjectManager.h">
      <Filter>Manager\OBJECT</Filter>
    </ClInclude>
    <ClInclude Include="Object.h">
      <Filter>Manager\OBJECT</Filter>
    </ClInclude>
    <ClInclude Include="Scene.h">
      <Filter>Manager\SCENE</Filter>
    </ClInclude>
    <ClInclude Include="SceneManager.h">
      <Filter>Manager\SCENE</Filter>
    </ClInclude>
    <ClInclude Include="DXUT\Optional\SDKsound.h">
      <Filter>DXUT</Filter>
    </ClInclude>
    <ClInclude Include="DXUT\Optional\SDKwavefile.h">
      <Filter>DXUT</Filter>
    </ClInclude>
    <ClInclude Include="SoundManager.h">
      <Filter>Manager\SOUND</Filter>
    </ClInclude>
    <ClInclude Include="Timer.h">
      <Filter>Manager\TIMER</Filter>
    </ClInclude>
    <ClInclude Include="Math.h">
      <Filter>Manager\MATH</Filter>
    </ClInclude>
    <ClInclude Include="MainGame.h">
      <Filter>MainGame</Filter>
    </ClInclude>
    <ClInclude Include="LoadScene.h">
      <Filter>Loading</Filter>
    </ClInclude>
    <ClInclude Include="Mouse.h">
      <Filter>Game\GameObj\Mouse</Filter>
    </ClInclude>
    <ClInclude Include="ScrollMap.h">
      <Filter>Manager\MAP</Filter>
    </ClInclude>
    <ClInclude Include="World.h">
      <Filter>Manager\WORLD</Filter>
    </ClInclude>
    <ClInclude Include="Player_Bullet.h">
      <Filter>Game\GameObj\Bullet\Player_Bullet</Filter>
    </ClInclude>
    <ClInclude Include="S_Enemy.h">
      <Filter>Game\GameObj\S_Enemy</Filter>
    </ClInclude>
    <ClInclude Include="S_Enemy_Bullet.h">
      <Filter>Game\GameObj\Bullet\Enemy_Bullet</Filter>
    </ClInclude>
    <ClInclude Include="Boss.h">
      <Filter>Game\GameObj\Boss</Filter>
    </ClInclude>
    <ClInclude Include="Player_Homing.h">
      <Filter>Game\GameObj\Bullet\Player_Bullet</Filter>
    </ClInclude>
    <ClInclude Include="BossBullet.h">
      <Filter>Game\GameObj\Bullet\Enemy_Bullet</Filter>
    </ClInclude>
    <ClInclude Include="M_Enemy.h">
      <Filter>Game\GameObj\M_Enemy</Filter>
    </ClInclude>
    <ClInclude Include="Player.h">
      <Filter>Game\GameObj\Player</Filter>
    </ClInclude>
    <ClInclude Include="Stage.h">
      <Filter>Game\GameScene\Stage</Filter>
    </ClInclude>
    <ClInclude Include="Title.h">
      <Filter>Game\GameScene\Title</Filter>
    </ClInclude>
    <ClInclude Include="GameOver.h">
      <Filter>Game\GameScene\GameOver</Filter>
    </ClInclude>
  </ItemGroup>
  <ItemGroup>
    <CLInclude Include="resource.h">
      <Filter>Resource Files</Filter>
    </CLInclude>
    <ResourceCompile Include="FrameWork.rc">
      <Filter>Resource Files</Filter>
    </ResourceCompile>
  </ItemGroup>
  <ItemGroup>
  </ItemGroup>
</Project>